
Microsoft Visual Studio Solution File, Format Version 12.00
# Visual Studio Version 16
VisualStudioVersion = 16.0.29709.97
MinimumVisualStudioVersion = 10.0.40219.1
Project("{FAE04EC0-301F-11D3-BF4B-00C04F79EFBC}") = "Bankaekran", "Bankaekran\Bankaekran.csproj", "{B0EA6F23-1038-42CE-A29D-051B83FFB8E8}"
EndProject
Global
	GlobalSection(SolutionConfigurationPlatforms) = preSolution
		Debug|Any CPU = Debug|Any CPU
		Release|Any CPU = Release|Any CPU
	EndGlobalSection
	GlobalSection(ProjectConfigurationPlatforms) = postSolution
		{B0EA6F23-1038-42CE-A29D-051B83FFB8E8}.Debug|Any CPU.ActiveCfg = Debug|Any CPU
		{B0EA6F23-1038-42CE-A29D-051B83FFB8E8}.Debug|Any CPU.Build.0 = Debug|Any CPU
		{B0EA6F23-1038-42CE-A29D-051B83FFB8E8}.Release|Any CPU.ActiveCfg = Release|Any CPU
		{B0EA6F23-1038-42CE-A29D-051B83FFB8E8}.Release|Any CPU.Build.0 = Release|Any CPU
	EndGlobalSection
	GlobalSection(SolutionProperties) = preSolution
		HideSolutionNode = FALSE
	EndGlobalSection
	GlobalSection(ExtensibilityGlobals) = postSolution
		SolutionGuid = {8EDBFF30-E7C9-4DE4-98AB-E35430DBFE28}
	EndGlobalSection
EndGlobal
